
Microsoft Visual Studio Solution File, Format Version 12.00
# Visual Studio 15
VisualStudioVersion = 15.0.28016.0
MinimumVisualStudioVersion = 10.0.40219.1
Project("{FAE04EC0-301F-11D3-BF4B-00C04F79EFBC}") = "AspCoreApi.Infrastructure", "AspCoreApi.Infrastructure\AspCoreApi.Infrastructure.csproj", "{A17C51D8-CAE2-4CB9-9270-2A4A7026EFD3}"
EndProject
Project("{FAE04EC0-301F-11D3-BF4B-00C04F79EFBC}") = "AspCoreApi.Models", "AspCoreApi.Models\AspCoreApi.Models.csproj", "{7E0FC994-BCE1-4336-A758-EDC4B4797A14}"
EndProject
Global
	GlobalSection(SolutionConfigurationPlatforms) = preSolution
		Debug|Any CPU = Debug|Any CPU
		Release|Any CPU = Release|Any CPU
	EndGlobalSection
	GlobalSection(ProjectConfigurationPlatforms) = postSolution
		{A17C51D8-CAE2-4CB9-9270-2A4A7026EFD3}.Debug|Any CPU.ActiveCfg = Debug|Any CPU
		{A17C51D8-CAE2-4CB9-9270-2A4A7026EFD3}.Debug|Any CPU.Build.0 = Debug|Any CPU
		{A17C51D8-CAE2-4CB9-9270-2A4A7026EFD3}.Release|Any CPU.ActiveCfg = Release|Any CPU
		{A17C51D8-CAE2-4CB9-9270-2A4A7026EFD3}.Release|Any CPU.Build.0 = Release|Any CPU
		{7E0FC994-BCE1-4336-A758-EDC4B4797A14}.Debug|Any CPU.ActiveCfg = Debug|Any CPU
		{7E0FC994-BCE1-4336-A758-EDC4B4797A14}.Debug|Any CPU.Build.0 = Debug|Any CPU
		{7E0FC994-BCE1-4336-A758-EDC4B4797A14}.Release|Any CPU.ActiveCfg = Release|Any CPU
		{7E0FC994-BCE1-4336-A758-EDC4B4797A14}.Release|Any CPU.Build.0 = Release|Any CPU
	EndGlobalSection
	GlobalSection(SolutionProperties) = preSolution
		HideSolutionNode = FALSE
	EndGlobalSection
	GlobalSection(ExtensibilityGlobals) = postSolution
		SolutionGuid = {24AB7996-2E85-4C89-97F3-107ACA9F54CC}
	EndGlobalSection
EndGlobal
